
Microsoft Visual Studio Solution File, Format Version 12.00
# Visual Studio Version 16
VisualStudioVersion = 16.0.31205.134
MinimumVisualStudioVersion = 10.0.40219.1
Project("{FAE04EC0-301F-11D3-BF4B-00C04F79EFBC}") = "Datarynx.Android", "Datarynx\Datarynx.Android\Datarynx.Android.csproj", "{BEEA8947-088F-46B5-8746-47F516EEFA58}"
EndProject
Project("{FAE04EC0-301F-11D3-BF4B-00C04F79EFBC}") = "Datarynx.iOS", "Datarynx\Datarynx.iOS\Datarynx.iOS.csproj", "{2A628C44-ED6C-4C8C-BDAF-BA578F204A8A}"
EndProject
Project("{9A19103F-16F7-4668-BE54-9A1E7A4F7556}") = "Datarynx", "Datarynx\Datarynx\Datarynx.csproj", "{C6A5936D-A52B-4782-83BD-CAF898EEE737}"
EndProject
Project("{9A19103F-16F7-4668-BE54-9A1E7A4F7556}") = "Datarynx.LocalDB", "Datarynx.LocalDB\Datarynx.LocalDB.csproj", "{D753EF1D-7110-4808-857C-C453CA22850E}"
EndProject
Project("{FAE04EC0-301F-11D3-BF4B-00C04F79EFBC}") = "Datarynx.UnitTest", "Datarynx.UnitTest\Datarynx.UnitTest.csproj", "{55F3170F-5429-4EB5-BE0E-08E365AF418C}"
EndProject
Global
	GlobalSection(SolutionConfigurationPlatforms) = preSolution
		Debug|Any CPU = Debug|Any CPU
		Debug|iPhone = Debug|iPhone
		Debug|iPhoneSimulator = Debug|iPhoneSimulator
		Release|Any CPU = Release|Any CPU
		Release|iPhone = Release|iPhone
		Release|iPhoneSimulator = Release|iPhoneSimulator
	EndGlobalSection
	GlobalSection(ProjectConfigurationPlatforms) = postSolution
		{BEEA8947-088F-46B5-8746-47F516EEFA58}.Debug|Any CPU.ActiveCfg = Debug|Any CPU
		{BEEA8947-088F-46B5-8746-47F516EEFA58}.Debug|Any CPU.Build.0 = Debug|Any CPU
		{BEEA8947-088F-46B5-8746-47F516EEFA58}.Debug|Any CPU.Deploy.0 = Debug|Any CPU
		{BEEA8947-088F-46B5-8746-47F516EEFA58}.Debug|iPhone.ActiveCfg = Debug|Any CPU
		{BEEA8947-088F-46B5-8746-47F516EEFA58}.Debug|iPhone.Build.0 = Debug|Any CPU
		{BEEA8947-088F-46B5-8746-47F516EEFA58}.Debug|iPhone.Deploy.0 = Debug|Any CPU
		{BEEA8947-088F-46B5-8746-47F516EEFA58}.Debug|iPhoneSimulator.ActiveCfg = Debug|Any CPU
		{BEEA8947-088F-46B5-8746-47F516EEFA58}.Debug|iPhoneSimulator.Build.0 = Debug|Any CPU
		{BEEA8947-088F-46B5-8746-47F516EEFA58}.Debug|iPhoneSimulator.Deploy.0 = Debug|Any CPU
		{BEEA8947-088F-46B5-8746-47F516EEFA58}.Release|Any CPU.ActiveCfg = Release|Any CPU
		{BEEA8947-088F-46B5-8746-47F516EEFA58}.Release|Any CPU.Build.0 = Release|Any CPU
		{BEEA8947-088F-46B5-8746-47F516EEFA58}.Release|Any CPU.Deploy.0 = Release|Any CPU
		{BEEA8947-088F-46B5-8746-47F516EEFA58}.Release|iPhone.ActiveCfg = Release|Any CPU
		{BEEA8947-088F-46B5-8746-47F516EEFA58}.Release|iPhone.Build.0 = Release|Any CPU
		{BEEA8947-088F-46B5-8746-47F516EEFA58}.Release|iPhone.Deploy.0 = Release|Any CPU
		{BEEA8947-088F-46B5-8746-47F516EEFA58}.Release|iPhoneSimulator.ActiveCfg = Release|Any CPU
		{BEEA8947-088F-46B5-8746-47F516EEFA58}.Release|iPhoneSimulator.Build.0 = Release|Any CPU
		{BEEA8947-088F-46B5-8746-47F516EEFA58}.Release|iPhoneSimulator.Deploy.0 = Release|Any CPU
		{2A628C44-ED6C-4C8C-BDAF-BA578F204A8A}.Debug|Any CPU.ActiveCfg = Debug|iPhone
		{2A628C44-ED6C-4C8C-BDAF-BA578F204A8A}.Debug|Any CPU.Build.0 = Debug|iPhone
		{2A628C44-ED6C-4C8C-BDAF-BA578F204A8A}.Debug|Any CPU.Deploy.0 = Debug|iPhone
		{2A628C44-ED6C-4C8C-BDAF-BA578F204A8A}.Debug|iPhone.ActiveCfg = Debug|iPhone
		{2A628C44-ED6C-4C8C-BDAF-BA578F204A8A}.Debug|iPhone.Build.0 = Debug|iPhone
		{2A628C44-ED6C-4C8C-BDAF-BA578F204A8A}.Debug|iPhone.Deploy.0 = Debug|iPhone
		{2A628C44-ED6C-4C8C-BDAF-BA578F204A8A}.Debug|iPhoneSimulator.ActiveCfg = Debug|iPhoneSimulator
		{2A628C44-ED6C-4C8C-BDAF-BA578F204A8A}.Debug|iPhoneSimulator.Build.0 = Debug|iPhoneSimulator
		{2A628C44-ED6C-4C8C-BDAF-BA578F204A8A}.Debug|iPhoneSimulator.Deploy.0 = Debug|iPhoneSimulator
		{2A628C44-ED6C-4C8C-BDAF-BA578F204A8A}.Release|Any CPU.ActiveCfg = Release|iPhoneSimulator
		{2A628C44-ED6C-4C8C-BDAF-BA578F204A8A}.Release|Any CPU.Build.0 = Release|iPhoneSimulator
		{2A628C44-ED6C-4C8C-BDAF-BA578F204A8A}.Release|Any CPU.Deploy.0 = Release|iPhoneSimulator
		{2A628C44-ED6C-4C8C-BDAF-BA578F204A8A}.Release|iPhone.ActiveCfg = Release|iPhone
		{2A628C44-ED6C-4C8C-BDAF-BA578F204A8A}.Release|iPhone.Build.0 = Release|iPhone
		{2A628C44-ED6C-4C8C-BDAF-BA578F204A8A}.Release|iPhone.Deploy.0 = Release|iPhone
		{2A628C44-ED6C-4C8C-BDAF-BA578F204A8A}.Release|iPhoneSimulator.ActiveCfg = Release|iPhoneSimulator
		{2A628C44-ED6C-4C8C-BDAF-BA578F204A8A}.Release|iPhoneSimulator.Build.0 = Release|iPhoneSimulator
		{2A628C44-ED6C-4C8C-BDAF-BA578F204A8A}.Release|iPhoneSimulator.Deploy.0 = Release|iPhoneSimulator
		{C6A5936D-A52B-4782-83BD-CAF898EEE737}.Debug|Any CPU.ActiveCfg = Debug|Any CPU
		{C6A5936D-A52B-4782-83BD-CAF898EEE737}.Debug|Any CPU.Build.0 = Debug|Any CPU
		{C6A5936D-A52B-4782-83BD-CAF898EEE737}.Debug|Any CPU.Deploy.0 = Debug|Any CPU
		{C6A5936D-A52B-4782-83BD-CAF898EEE737}.Debug|iPhone.ActiveCfg = Debug|Any CPU
		{C6A5936D-A52B-4782-83BD-CAF898EEE737}.Debug|iPhone.Build.0 = Debug|Any CPU
		{C6A5936D-A52B-4782-83BD-CAF898EEE737}.Debug|iPhone.Deploy.0 = Debug|Any CPU
		{C6A5936D-A52B-4782-83BD-CAF898EEE737}.Debug|iPhoneSimulator.ActiveCfg = Debug|Any CPU
		{C6A5936D-A52B-4782-83BD-CAF898EEE737}.Debug|iPhoneSimulator.Build.0 = Debug|Any CPU
		{C6A5936D-A52B-4782-83BD-CAF898EEE737}.Debug|iPhoneSimulator.Deploy.0 = Debug|Any CPU
		{C6A5936D-A52B-4782-83BD-CAF898EEE737}.Release|Any CPU.ActiveCfg = Release|Any CPU
		{C6A5936D-A52B-4782-83BD-CAF898EEE737}.Release|Any CPU.Build.0 = Release|Any CPU
		{C6A5936D-A52B-4782-83BD-CAF898EEE737}.Release|Any CPU.Deploy.0 = Release|Any CPU
		{C6A5936D-A52B-4782-83BD-CAF898EEE737}.Release|iPhone.ActiveCfg = Release|Any CPU
		{C6A5936D-A52B-4782-83BD-CAF898EEE737}.Release|iPhone.Build.0 = Release|Any CPU
		{C6A5936D-A52B-4782-83BD-CAF898EEE737}.Release|iPhone.Deploy.0 = Release|Any CPU
		{C6A5936D-A52B-4782-83BD-CAF898EEE737}.Release|iPhoneSimulator.ActiveCfg = Release|Any CPU
		{C6A5936D-A52B-4782-83BD-CAF898EEE737}.Release|iPhoneSimulator.Build.0 = Release|Any CPU
		{C6A5936D-A52B-4782-83BD-CAF898EEE737}.Release|iPhoneSimulator.Deploy.0 = Release|Any CPU
		{D753EF1D-7110-4808-857C-C453CA22850E}.Debug|Any CPU.ActiveCfg = Debug|Any CPU
		{D753EF1D-7110-4808-857C-C453CA22850E}.Debug|Any CPU.Build.0 = Debug|Any CPU
		{D753EF1D-7110-4808-857C-C453CA22850E}.Debug|iPhone.ActiveCfg = Debug|Any CPU
		{D753EF1D-7110-4808-857C-C453CA22850E}.Debug|iPhone.Build.0 = Debug|Any CPU
		{D753EF1D-7110-4808-857C-C453CA22850E}.Debug|iPhoneSimulator.ActiveCfg = Debug|Any CPU
		{D753EF1D-7110-4808-857C-C453CA22850E}.Debug|iPhoneSimulator.Build.0 = Debug|Any CPU
		{D753EF1D-7110-4808-857C-C453CA22850E}.Release|Any CPU.ActiveCfg = Release|Any CPU
		{D753EF1D-7110-4808-857C-C453CA22850E}.Release|Any CPU.Build.0 = Release|Any CPU
		{D753EF1D-7110-4808-857C-C453CA22850E}.Release|iPhone.ActiveCfg = Release|Any CPU
		{D753EF1D-7110-4808-857C-C453CA22850E}.Release|iPhone.Build.0 = Release|Any CPU
		{D753EF1D-7110-4808-857C-C453CA22850E}.Release|iPhoneSimulator.ActiveCfg = Release|Any CPU
		{D753EF1D-7110-4808-857C-C453CA22850E}.Release|iPhoneSimulator.Build.0 = Release|Any CPU
		{55F3170F-5429-4EB5-BE0E-08E365AF418C}.Debug|Any CPU.ActiveCfg = Debug|Any CPU
		{55F3170F-5429-4EB5-BE0E-08E365AF418C}.Debug|Any CPU.Build.0 = Debug|Any CPU
		{55F3170F-5429-4EB5-BE0E-08E365AF418C}.Debug|iPhone.ActiveCfg = Debug|Any CPU
		{55F3170F-5429-4EB5-BE0E-08E365AF418C}.Debug|iPhone.Build.0 = Debug|Any CPU
		{55F3170F-5429-4EB5-BE0E-08E365AF418C}.Debug|iPhoneSimulator.ActiveCfg = Debug|Any CPU
		{55F3170F-5429-4EB5-BE0E-08E365AF418C}.Debug|iPhoneSimulator.Build.0 = Debug|Any CPU
		{55F3170F-5429-4EB5-BE0E-08E365AF418C}.Release|Any CPU.ActiveCfg = Release|Any CPU
		{55F3170F-5429-4EB5-BE0E-08E365AF418C}.Release|Any CPU.Build.0 = Release|Any CPU
		{55F3170F-5429-4EB5-BE0E-08E365AF418C}.Release|iPhone.ActiveCfg = Release|Any CPU
		{55F3170F-5429-4EB5-BE0E-08E365AF418C}.Release|iPhone.Build.0 = Release|Any CPU
		{55F3170F-5429-4EB5-BE0E-08E365AF418C}.Release|iPhoneSimulator.ActiveCfg = Release|Any CPU
		{55F3170F-5429-4EB5-BE0E-08E365AF418C}.Release|iPhoneSimulator.Build.0 = Release|Any CPU
	EndGlobalSection
	GlobalSection(SolutionProperties) = preSolution
		HideSolutionNode = FALSE
	EndGlobalSection
	GlobalSection(ExtensibilityGlobals) = postSolution
		SolutionGuid = {12D91E15-8D33-45F7-BF00-7BA1980EF6AE}
	EndGlobalSection
EndGlobal
